# THIS IS AN AUTOGENERATED FILE. DO NOT EDIT THIS FILE DIRECTLY.
# yarn lockfile v1


eslint-plugin-babel@^5.3.0:
  version "5.3.0"
  resolved "https://registry.yarnpkg.com/eslint-plugin-babel/-/eslint-plugin-babel-5.3.0.tgz#2e7f251ccc249326da760c1a4c948a91c32d0023"
  integrity sha512-HPuNzSPE75O+SnxHIafbW5QB45r2w78fxqwK3HmjqIUoPfPzVrq6rD+CINU3yzoDSzEhUkX07VUphbF73Lth/w==
  dependencies:
    eslint-rule-composer "^0.3.0"

eslint-rule-composer@^0.3.0:
  version "0.3.0"
  resolved "https://registry.yarnpkg.com/eslint-rule-composer/-/eslint-rule-composer-0.3.0.tgz#79320c927b0c5c0d3d3d2b76c8b4a488f25bbaf9"
  integrity sha512-bt+Sh8CtDmn2OajxvNO+BX7Wn4CIWMpTRm3MaiKPCQcnnlm0CS2mhui6QaoeQugs+3Kj2ESKEEGJUdVafwhiCg==
